github.com/gonum/blas v0.0.0-20181208220705-f22b278b28ac h1:Q0Jsdxl5jbxouNs1TQYt0gxesYMU4VXRbsTlgDloZ50=
github.com/gonum/blas v0.0.0-20181208220705-f22b278b28ac/go.mod h1:P32wAyui1PQ58Oce/KYkOqQv8cVw1zAapXOl+dRFGbc=
github.com/gonum/floats v0.0.0-20181209220543-c233463c7e82 h1:EvokxLQsaaQjcWVWSV38221VAK7qc2zhaO17bKys/18=
github.com/gonum/floats v0.0.0-20181209220543-c233463c7e82/go.mod h1:PxC8OnwL11+aosOB5+iEPoV3picfs8tUpkVd0pDo+Kg=
github.com/gonum/internal v0.0.0-20181124074243-f884aa714029 h1:8jtTdc+Nfj9AR+0soOeia9UZSvYBvETVHZrugUowJ7M=
github.com/gonum/internal v0.0.0-20181124074243-f884aa714029/go.mod h1:Pu4dmpkhSyOzRwuXkOgAvijx4o+4YMUJJo9OvPYMkks=
golang.org/x/text v0.3.2 h1:tW2bmiBqwgJj/UpqtC8EpXEZVYOwU0yG4iWbprSVAcs=
golang.org/x/text v0.3.2/go.mod h1:bEr9sfX3Q8Zfm5fL9x+3itogRgK3+ptLWKqgva+5dAk=
golang.org/x/tools v0.0.0-20180917221912-90fa682c2a6e/go.mod h1:n7NCudcB/nEzxVGmLbDWY5pfWTLqBcC2KZ6jyYvM4mQ=
